<?xml version="1.0" encoding="UTF-8" standalone="yes" ?>
<CodeBlocks_project_file>
	<FileVersion major="1" minor="6" />
	<Project>
		<Option title="BlockBuilder" />
		<Option pch_mode="2" />
		<Option compiler="gcc" />
		<Build>
			<Target title="Debug">
				<Option output="bin/Debug/BlockBuilder" prefix_auto="1" extension_auto="1" />
				<Option object_output="obj/Debug/" />
				<Option type="1" />
				<Option compiler="gcc" />
				<Compiler>
					<Add option="-g" />
				</Compiler>
			</Target>
		</Build>
		<Compiler>
			<Add option="-Wall" />
		</Compiler>
		<Unit filename="lib/Errorer/errorer.cpp" />
		<Unit filename="lib/Errorer/errorer.h" />
		<Unit filename="lib/TinyXml/tinystr.cpp" />
		<Unit filename="lib/TinyXml/tinystr.h" />
		<Unit filename="lib/TinyXml/tinyxml.cpp" />
		<Unit filename="lib/TinyXml/tinyxml.h" />
		<Unit filename="lib/TinyXml/tinyxmlerror.cpp" />
		<Unit filename="lib/TinyXml/tinyxmlparser.cpp" />
		<Unit filename="lib/block.h" />
		<Unit filename="lib/components/goc_cartloc.cpp" />
		<Unit filename="lib/components/goc_cartloc.h" />
		<Unit filename="lib/components/goc_location.h" />
		<Unit filename="lib/gameobject/gameobject.cpp" />
		<Unit filename="lib/gameobject/gameobject.h" />
		<Unit filename="lib/gameobject/gocomponent.cpp" />
		<Unit filename="lib/gameobject/gocomponent.h" />
		<Unit filename="lib/gameobject/goctemplate.cpp" />
		<Unit filename="lib/gameobject/goctemplate.h" />
		<Unit filename="lib/gameobject/gotemplate.cpp" />
		<Unit filename="lib/gameobject/gotemplate.h" />
		<Unit filename="lib/gameobject/loadable.h" />
		<Unit filename="lib/loader/componentLoader.cpp" />
		<Unit filename="lib/loader/componentLoader.h" />
		<Unit filename="lib/loader/goc_cartloc_loader.cpp" />
		<Unit filename="lib/loader/goc_cartloc_loader.h" />
		<Unit filename="lib/loader/loaderbase.cpp" />
		<Unit filename="lib/loader/loaderbase.h" />
		<Unit filename="lib/manager/manager.h" />
		<Unit filename="lib/manager/manager.hpp" />
		<Unit filename="lib/manager/objectmanagers.h" />
		<Unit filename="lib/singleton.h" />
		<Unit filename="lib/templates/components/goccartloctemplate.h" />
		<Unit filename="lib/templates/objects/blockTemplate.h" />
		<Unit filename="main.cpp" />
		<Extensions>
			<code_completion />
			<envvars />
			<lib_finder disable_auto="1" />
			<debugger />
		</Extensions>
	</Project>
</CodeBlocks_project_file>
